
Microsoft Visual Studio Solution File, Format Version 11.00
# Visual Studio 2010
<<<<<<< HEAD
Project("{FAE04EC0-301F-11D3-BF4B-00C04F79EFBC}") = "420", "Assembly-CSharp-firstpass.csproj", "{E84DE9EC-DAF8-407D-B12D-8F44DEC26041}"
EndProject
Project("{FAE04EC0-301F-11D3-BF4B-00C04F79EFBC}") = "420", "Assembly-CSharp.csproj", "{A14409E8-67A6-4937-08FD-5D92CCF515C0}"
=======
Project("{FAE04EC0-301F-11D3-BF4B-00C04F79EFBC}") = "420", "Assembly-CSharp.csproj", "{A14409E8-67A6-4937-08FD-5D92CCF515C0}"
EndProject
Project("{FAE04EC0-301F-11D3-BF4B-00C04F79EFBC}") = "420", "Assembly-CSharp-firstpass.csproj", "{E84DE9EC-DAF8-407D-B12D-8F44DEC26041}"
>>>>>>> 9ab5d9cc115199b369f79f83d1c1594e970a5a1a
EndProject
Project("{FAE04EC0-301F-11D3-BF4B-00C04F79EFBC}") = "420", "Assembly-CSharp-Editor.csproj", "{9A97DEC7-61B2-54F7-913A-A8326CAC41ED}"
EndProject
Global
	GlobalSection(SolutionConfigurationPlatforms) = preSolution
		Debug|Any CPU = Debug|Any CPU
		Release|Any CPU = Release|Any CPU
	EndGlobalSection
	GlobalSection(ProjectConfigurationPlatforms) = postSolution
<<<<<<< HEAD
		{E84DE9EC-DAF8-407D-B12D-8F44DEC26041}.Debug|Any CPU.ActiveCfg = Debug|Any CPU
		{E84DE9EC-DAF8-407D-B12D-8F44DEC26041}.Debug|Any CPU.Build.0 = Debug|Any CPU
		{E84DE9EC-DAF8-407D-B12D-8F44DEC26041}.Release|Any CPU.ActiveCfg = Release|Any CPU
		{E84DE9EC-DAF8-407D-B12D-8F44DEC26041}.Release|Any CPU.Build.0 = Release|Any CPU
=======
>>>>>>> 9ab5d9cc115199b369f79f83d1c1594e970a5a1a
		{A14409E8-67A6-4937-08FD-5D92CCF515C0}.Debug|Any CPU.ActiveCfg = Debug|Any CPU
		{A14409E8-67A6-4937-08FD-5D92CCF515C0}.Debug|Any CPU.Build.0 = Debug|Any CPU
		{A14409E8-67A6-4937-08FD-5D92CCF515C0}.Release|Any CPU.ActiveCfg = Release|Any CPU
		{A14409E8-67A6-4937-08FD-5D92CCF515C0}.Release|Any CPU.Build.0 = Release|Any CPU
<<<<<<< HEAD
=======
		{E84DE9EC-DAF8-407D-B12D-8F44DEC26041}.Debug|Any CPU.ActiveCfg = Debug|Any CPU
		{E84DE9EC-DAF8-407D-B12D-8F44DEC26041}.Debug|Any CPU.Build.0 = Debug|Any CPU
		{E84DE9EC-DAF8-407D-B12D-8F44DEC26041}.Release|Any CPU.ActiveCfg = Release|Any CPU
		{E84DE9EC-DAF8-407D-B12D-8F44DEC26041}.Release|Any CPU.Build.0 = Release|Any CPU
>>>>>>> 9ab5d9cc115199b369f79f83d1c1594e970a5a1a
		{9A97DEC7-61B2-54F7-913A-A8326CAC41ED}.Debug|Any CPU.ActiveCfg = Debug|Any CPU
		{9A97DEC7-61B2-54F7-913A-A8326CAC41ED}.Debug|Any CPU.Build.0 = Debug|Any CPU
		{9A97DEC7-61B2-54F7-913A-A8326CAC41ED}.Release|Any CPU.ActiveCfg = Release|Any CPU
		{9A97DEC7-61B2-54F7-913A-A8326CAC41ED}.Release|Any CPU.Build.0 = Release|Any CPU
	EndGlobalSection
	GlobalSection(SolutionProperties) = preSolution
		HideSolutionNode = FALSE
	EndGlobalSection
	GlobalSection(MonoDevelopProperties) = preSolution
		StartupItem = Assembly-CSharp.csproj
	EndGlobalSection
EndGlobal
